
Microsoft Visual Studio Solution File, Format Version 12.00
# Visual Studio Version 17
VisualStudioVersion = 17.0.31903.59
MinimumVisualStudioVersion = 10.0.40219.1
Project("{2150E333-8FDC-42A3-9474-1A3956D46DE8}") = "Tests", "Tests", "{BEED2A42-48C3-4337-8F9C-38E0BF54B298}"
EndProject
Project("{FAE04EC0-301F-11D3-BF4B-00C04F79EFBC}") = "Admin", "Tests\Admin\Admin.csproj", "{5A471C6C-F553-45E1-890E-5D0F2A183E28}"
EndProject
Project("{FAE04EC0-301F-11D3-BF4B-00C04F79EFBC}") = "ApiService", "Tests\ApiService\ApiService.csproj", "{00EB77F4-99ED-4F0A-A514-797E36F2E80F}"
EndProject
Project("{FAE04EC0-301F-11D3-BF4B-00C04F79EFBC}") = "Cms", "Tests\Cms\Cms.csproj", "{471CF556-688D-40E3-9AB2-035E757C0093}"
EndProject
Project("{FAE04EC0-301F-11D3-BF4B-00C04F79EFBC}") = "Community", "Tests\Community\Community.csproj", "{57884C35-44D2-4AD8-ACA2-D26F9A67A567}"
EndProject
Project("{FAE04EC0-301F-11D3-BF4B-00C04F79EFBC}") = "Core", "Tests\Core\Core.csproj", "{C8F46F7D-09F0-4B75-8B9C-530396B11D1C}"
EndProject
Project("{FAE04EC0-301F-11D3-BF4B-00C04F79EFBC}") = "DataAccess", "Tests\DataAccess\DataAccess.csproj", "{A880E6A9-8B4C-48F7-A24C-4874F41A55B5}"
EndProject
Project("{FAE04EC0-301F-11D3-BF4B-00C04F79EFBC}") = "Email", "Tests\Email\Email.csproj", "{40367002-58C4-4290-9AC7-29A52B51CBA7}"
EndProject
Project("{FAE04EC0-301F-11D3-BF4B-00C04F79EFBC}") = "Idp", "Tests\Idp\Idp.csproj", "{4C3CA9F6-CC2B-4012-8A77-A35E17552D64}"
EndProject
Project("{FAE04EC0-301F-11D3-BF4B-00C04F79EFBC}") = "Newsletter", "Tests\Newsletter\Newsletter.csproj", "{59829C1A-C5B2-4C3B-B61A-F91C778D9405}"
EndProject
Project("{FAE04EC0-301F-11D3-BF4B-00C04F79EFBC}") = "Pages", "Tests\Pages\Pages.csproj", "{DAA085C2-B09A-4D0F-B1FD-3BC5964F7760}"
EndProject
Project("{FAE04EC0-301F-11D3-BF4B-00C04F79EFBC}") = "Survey", "Tests\Survey\Survey.csproj", "{D814B3CE-BB4E-4413-9D0B-69B364FC4D0A}"
EndProject
Project("{2150E333-8FDC-42A3-9474-1A3956D46DE8}") = "Hosts", "Hosts", "{55211DB5-B916-4F1B-9265-11CC13B92A00}"
EndProject
Project("{FAE04EC0-301F-11D3-BF4B-00C04F79EFBC}") = "ApiHost", "Hosts\ApiHost\ApiHost.csproj", "{7F7A1FAC-6AC4-49CE-A822-4956F4FED360}"
EndProject
Project("{2150E333-8FDC-42A3-9474-1A3956D46DE8}") = "Application", "Application", "{A256D48D-DD93-42E1-8638-A124657F3592}"
EndProject
Project("{FAE04EC0-301F-11D3-BF4B-00C04F79EFBC}") = "Admin", "Application\Admin\Admin.csproj", "{9794ADE7-89AD-4EFD-BAB9-A3D617DB53AE}"
EndProject
Project("{FAE04EC0-301F-11D3-BF4B-00C04F79EFBC}") = "ApiService", "Application\ApiService\ApiService.csproj", "{024B3A6B-502A-4439-863F-08F6A3EE4AEE}"
EndProject
Project("{FAE04EC0-301F-11D3-BF4B-00C04F79EFBC}") = "Cms", "Application\Cms\Cms.csproj", "{211FAA6D-0BE6-4682-A9DB-155999CB6C9A}"
EndProject
Project("{FAE04EC0-301F-11D3-BF4B-00C04F79EFBC}") = "Community", "Application\Community\Community.csproj", "{E88BBFE4-10F5-46B1-93A5-EC73325D3A55}"
EndProject
Project("{FAE04EC0-301F-11D3-BF4B-00C04F79EFBC}") = "Core", "Application\Core\Core.csproj", "{FA7CB038-6057-47CC-8C42-DC5CDCF92960}"
EndProject
Project("{FAE04EC0-301F-11D3-BF4B-00C04F79EFBC}") = "DataAccess", "Application\DataAccess\DataAccess.csproj", "{3A471982-7A95-4853-A2F2-DB503DCF52E3}"
EndProject
Project("{FAE04EC0-301F-11D3-BF4B-00C04F79EFBC}") = "Email", "Application\Email\Email.csproj", "{CF9A2CA1-1ED4-4AAA-8AEB-8FD20FAC92ED}"
EndProject
Project("{FAE04EC0-301F-11D3-BF4B-00C04F79EFBC}") = "Idp", "Application\Idp\Idp.csproj", "{9C7CB475-AECA-42E3-A2E8-BDBCAA3D986D}"
EndProject
Project("{FAE04EC0-301F-11D3-BF4B-00C04F79EFBC}") = "Newsletter", "Application\Newsletter\Newsletter.csproj", "{F865D811-974E-445C-B675-30748059809C}"
EndProject
Project("{FAE04EC0-301F-11D3-BF4B-00C04F79EFBC}") = "Pages", "Application\Pages\Pages.csproj", "{ADD49232-F712-41C4-9C39-FEA99D7DFC02}"
EndProject
Project("{FAE04EC0-301F-11D3-BF4B-00C04F79EFBC}") = "Survey", "Application\Survey\Survey.csproj", "{6B23CB74-5D11-4800-9D33-63B75699AB2F}"
EndProject
Global
	GlobalSection(SolutionConfigurationPlatforms) = preSolution
		Debug|Any CPU = Debug|Any CPU
		Release|Any CPU = Release|Any CPU
	EndGlobalSection
	GlobalSection(SolutionProperties) = preSolution
		HideSolutionNode = FALSE
	EndGlobalSection
	GlobalSection(ProjectConfigurationPlatforms) = postSolution
		{5A471C6C-F553-45E1-890E-5D0F2A183E28}.Debug|Any CPU.ActiveCfg = Debug|Any CPU
		{5A471C6C-F553-45E1-890E-5D0F2A183E28}.Debug|Any CPU.Build.0 = Debug|Any CPU
		{5A471C6C-F553-45E1-890E-5D0F2A183E28}.Release|Any CPU.ActiveCfg = Release|Any CPU
		{5A471C6C-F553-45E1-890E-5D0F2A183E28}.Release|Any CPU.Build.0 = Release|Any CPU
		{00EB77F4-99ED-4F0A-A514-797E36F2E80F}.Debug|Any CPU.ActiveCfg = Debug|Any CPU
		{00EB77F4-99ED-4F0A-A514-797E36F2E80F}.Debug|Any CPU.Build.0 = Debug|Any CPU
		{00EB77F4-99ED-4F0A-A514-797E36F2E80F}.Release|Any CPU.ActiveCfg = Release|Any CPU
		{00EB77F4-99ED-4F0A-A514-797E36F2E80F}.Release|Any CPU.Build.0 = Release|Any CPU
		{471CF556-688D-40E3-9AB2-035E757C0093}.Debug|Any CPU.ActiveCfg = Debug|Any CPU
		{471CF556-688D-40E3-9AB2-035E757C0093}.Debug|Any CPU.Build.0 = Debug|Any CPU
		{471CF556-688D-40E3-9AB2-035E757C0093}.Release|Any CPU.ActiveCfg = Release|Any CPU
		{471CF556-688D-40E3-9AB2-035E757C0093}.Release|Any CPU.Build.0 = Release|Any CPU
		{57884C35-44D2-4AD8-ACA2-D26F9A67A567}.Debug|Any CPU.ActiveCfg = Debug|Any CPU
		{57884C35-44D2-4AD8-ACA2-D26F9A67A567}.Debug|Any CPU.Build.0 = Debug|Any CPU
		{57884C35-44D2-4AD8-ACA2-D26F9A67A567}.Release|Any CPU.ActiveCfg = Release|Any CPU
		{57884C35-44D2-4AD8-ACA2-D26F9A67A567}.Release|Any CPU.Build.0 = Release|Any CPU
		{C8F46F7D-09F0-4B75-8B9C-530396B11D1C}.Debug|Any CPU.ActiveCfg = Debug|Any CPU
		{C8F46F7D-09F0-4B75-8B9C-530396B11D1C}.Debug|Any CPU.Build.0 = Debug|Any CPU
		{C8F46F7D-09F0-4B75-8B9C-530396B11D1C}.Release|Any CPU.ActiveCfg = Release|Any CPU
		{C8F46F7D-09F0-4B75-8B9C-530396B11D1C}.Release|Any CPU.Build.0 = Release|Any CPU
		{A880E6A9-8B4C-48F7-A24C-4874F41A55B5}.Debug|Any CPU.ActiveCfg = Debug|Any CPU
		{A880E6A9-8B4C-48F7-A24C-4874F41A55B5}.Debug|Any CPU.Build.0 = Debug|Any CPU
		{A880E6A9-8B4C-48F7-A24C-4874F41A55B5}.Release|Any CPU.ActiveCfg = Release|Any CPU
		{A880E6A9-8B4C-48F7-A24C-4874F41A55B5}.Release|Any CPU.Build.0 = Release|Any CPU
		{40367002-58C4-4290-9AC7-29A52B51CBA7}.Debug|Any CPU.ActiveCfg = Debug|Any CPU
		{40367002-58C4-4290-9AC7-29A52B51CBA7}.Debug|Any CPU.Build.0 = Debug|Any CPU
		{40367002-58C4-4290-9AC7-29A52B51CBA7}.Release|Any CPU.ActiveCfg = Release|Any CPU
		{40367002-58C4-4290-9AC7-29A52B51CBA7}.Release|Any CPU.Build.0 = Release|Any CPU
		{4C3CA9F6-CC2B-4012-8A77-A35E17552D64}.Debug|Any CPU.ActiveCfg = Debug|Any CPU
		{4C3CA9F6-CC2B-4012-8A77-A35E17552D64}.Debug|Any CPU.Build.0 = Debug|Any CPU
		{4C3CA9F6-CC2B-4012-8A77-A35E17552D64}.Release|Any CPU.ActiveCfg = Release|Any CPU
		{4C3CA9F6-CC2B-4012-8A77-A35E17552D64}.Release|Any CPU.Build.0 = Release|Any CPU
		{59829C1A-C5B2-4C3B-B61A-F91C778D9405}.Debug|Any CPU.ActiveCfg = Debug|Any CPU
		{59829C1A-C5B2-4C3B-B61A-F91C778D9405}.Debug|Any CPU.Build.0 = Debug|Any CPU
		{59829C1A-C5B2-4C3B-B61A-F91C778D9405}.Release|Any CPU.ActiveCfg = Release|Any CPU
		{59829C1A-C5B2-4C3B-B61A-F91C778D9405}.Release|Any CPU.Build.0 = Release|Any CPU
		{DAA085C2-B09A-4D0F-B1FD-3BC5964F7760}.Debug|Any CPU.ActiveCfg = Debug|Any CPU
		{DAA085C2-B09A-4D0F-B1FD-3BC5964F7760}.Debug|Any CPU.Build.0 = Debug|Any CPU
		{DAA085C2-B09A-4D0F-B1FD-3BC5964F7760}.Release|Any CPU.ActiveCfg = Release|Any CPU
		{DAA085C2-B09A-4D0F-B1FD-3BC5964F7760}.Release|Any CPU.Build.0 = Release|Any CPU
		{D814B3CE-BB4E-4413-9D0B-69B364FC4D0A}.Debug|Any CPU.ActiveCfg = Debug|Any CPU
		{D814B3CE-BB4E-4413-9D0B-69B364FC4D0A}.Debug|Any CPU.Build.0 = Debug|Any CPU
		{D814B3CE-BB4E-4413-9D0B-69B364FC4D0A}.Release|Any CPU.ActiveCfg = Release|Any CPU
		{D814B3CE-BB4E-4413-9D0B-69B364FC4D0A}.Release|Any CPU.Build.0 = Release|Any CPU
		{7F7A1FAC-6AC4-49CE-A822-4956F4FED360}.Debug|Any CPU.ActiveCfg = Debug|Any CPU
		{7F7A1FAC-6AC4-49CE-A822-4956F4FED360}.Debug|Any CPU.Build.0 = Debug|Any CPU
		{7F7A1FAC-6AC4-49CE-A822-4956F4FED360}.Release|Any CPU.ActiveCfg = Release|Any CPU
		{7F7A1FAC-6AC4-49CE-A822-4956F4FED360}.Release|Any CPU.Build.0 = Release|Any CPU
		{9794ADE7-89AD-4EFD-BAB9-A3D617DB53AE}.Debug|Any CPU.ActiveCfg = Debug|Any CPU
		{9794ADE7-89AD-4EFD-BAB9-A3D617DB53AE}.Debug|Any CPU.Build.0 = Debug|Any CPU
		{9794ADE7-89AD-4EFD-BAB9-A3D617DB53AE}.Release|Any CPU.ActiveCfg = Release|Any CPU
		{9794ADE7-89AD-4EFD-BAB9-A3D617DB53AE}.Release|Any CPU.Build.0 = Release|Any CPU
		{024B3A6B-502A-4439-863F-08F6A3EE4AEE}.Debug|Any CPU.ActiveCfg = Debug|Any CPU
		{024B3A6B-502A-4439-863F-08F6A3EE4AEE}.Debug|Any CPU.Build.0 = Debug|Any CPU
		{024B3A6B-502A-4439-863F-08F6A3EE4AEE}.Release|Any CPU.ActiveCfg = Release|Any CPU
		{024B3A6B-502A-4439-863F-08F6A3EE4AEE}.Release|Any CPU.Build.0 = Release|Any CPU
		{211FAA6D-0BE6-4682-A9DB-155999CB6C9A}.Debug|Any CPU.ActiveCfg = Debug|Any CPU
		{211FAA6D-0BE6-4682-A9DB-155999CB6C9A}.Debug|Any CPU.Build.0 = Debug|Any CPU
		{211FAA6D-0BE6-4682-A9DB-155999CB6C9A}.Release|Any CPU.ActiveCfg = Release|Any CPU
		{211FAA6D-0BE6-4682-A9DB-155999CB6C9A}.Release|Any CPU.Build.0 = Release|Any CPU
		{E88BBFE4-10F5-46B1-93A5-EC73325D3A55}.Debug|Any CPU.ActiveCfg = Debug|Any CPU
		{E88BBFE4-10F5-46B1-93A5-EC73325D3A55}.Debug|Any CPU.Build.0 = Debug|Any CPU
		{E88BBFE4-10F5-46B1-93A5-EC73325D3A55}.Release|Any CPU.ActiveCfg = Release|Any CPU
		{E88BBFE4-10F5-46B1-93A5-EC73325D3A55}.Release|Any CPU.Build.0 = Release|Any CPU
		{FA7CB038-6057-47CC-8C42-DC5CDCF92960}.Debug|Any CPU.ActiveCfg = Debug|Any CPU
		{FA7CB038-6057-47CC-8C42-DC5CDCF92960}.Debug|Any CPU.Build.0 = Debug|Any CPU
		{FA7CB038-6057-47CC-8C42-DC5CDCF92960}.Release|Any CPU.ActiveCfg = Release|Any CPU
		{FA7CB038-6057-47CC-8C42-DC5CDCF92960}.Release|Any CPU.Build.0 = Release|Any CPU
		{3A471982-7A95-4853-A2F2-DB503DCF52E3}.Debug|Any CPU.ActiveCfg = Debug|Any CPU
		{3A471982-7A95-4853-A2F2-DB503DCF52E3}.Debug|Any CPU.Build.0 = Debug|Any CPU
		{3A471982-7A95-4853-A2F2-DB503DCF52E3}.Release|Any CPU.ActiveCfg = Release|Any CPU
		{3A471982-7A95-4853-A2F2-DB503DCF52E3}.Release|Any CPU.Build.0 = Release|Any CPU
		{CF9A2CA1-1ED4-4AAA-8AEB-8FD20FAC92ED}.Debug|Any CPU.ActiveCfg = Debug|Any CPU
		{CF9A2CA1-1ED4-4AAA-8AEB-8FD20FAC92ED}.Debug|Any CPU.Build.0 = Debug|Any CPU
		{CF9A2CA1-1ED4-4AAA-8AEB-8FD20FAC92ED}.Release|Any CPU.ActiveCfg = Release|Any CPU
		{CF9A2CA1-1ED4-4AAA-8AEB-8FD20FAC92ED}.Release|Any CPU.Build.0 = Release|Any CPU
		{9C7CB475-AECA-42E3-A2E8-BDBCAA3D986D}.Debug|Any CPU.ActiveCfg = Debug|Any CPU
		{9C7CB475-AECA-42E3-A2E8-BDBCAA3D986D}.Debug|Any CPU.Build.0 = Debug|Any CPU
		{9C7CB475-AECA-42E3-A2E8-BDBCAA3D986D}.Release|Any CPU.ActiveCfg = Release|Any CPU
		{9C7CB475-AECA-42E3-A2E8-BDBCAA3D986D}.Release|Any CPU.Build.0 = Release|Any CPU
		{F865D811-974E-445C-B675-30748059809C}.Debug|Any CPU.ActiveCfg = Debug|Any CPU
		{F865D811-974E-445C-B675-30748059809C}.Debug|Any CPU.Build.0 = Debug|Any CPU
		{F865D811-974E-445C-B675-30748059809C}.Release|Any CPU.ActiveCfg = Release|Any CPU
		{F865D811-974E-445C-B675-30748059809C}.Release|Any CPU.Build.0 = Release|Any CPU
		{ADD49232-F712-41C4-9C39-FEA99D7DFC02}.Debug|Any CPU.ActiveCfg = Debug|Any CPU
		{ADD49232-F712-41C4-9C39-FEA99D7DFC02}.Debug|Any CPU.Build.0 = Debug|Any CPU
		{ADD49232-F712-41C4-9C39-FEA99D7DFC02}.Release|Any CPU.ActiveCfg = Release|Any CPU
		{ADD49232-F712-41C4-9C39-FEA99D7DFC02}.Release|Any CPU.Build.0 = Release|Any CPU
		{6B23CB74-5D11-4800-9D33-63B75699AB2F}.Debug|Any CPU.ActiveCfg = Debug|Any CPU
		{6B23CB74-5D11-4800-9D33-63B75699AB2F}.Debug|Any CPU.Build.0 = Debug|Any CPU
		{6B23CB74-5D11-4800-9D33-63B75699AB2F}.Release|Any CPU.ActiveCfg = Release|Any CPU
		{6B23CB74-5D11-4800-9D33-63B75699AB2F}.Release|Any CPU.Build.0 = Release|Any CPU
	EndGlobalSection
	GlobalSection(NestedProjects) = preSolution
		{5A471C6C-F553-45E1-890E-5D0F2A183E28} = {BEED2A42-48C3-4337-8F9C-38E0BF54B298}
		{00EB77F4-99ED-4F0A-A514-797E36F2E80F} = {BEED2A42-48C3-4337-8F9C-38E0BF54B298}
		{471CF556-688D-40E3-9AB2-035E757C0093} = {BEED2A42-48C3-4337-8F9C-38E0BF54B298}
		{57884C35-44D2-4AD8-ACA2-D26F9A67A567} = {BEED2A42-48C3-4337-8F9C-38E0BF54B298}
		{C8F46F7D-09F0-4B75-8B9C-530396B11D1C} = {BEED2A42-48C3-4337-8F9C-38E0BF54B298}
		{A880E6A9-8B4C-48F7-A24C-4874F41A55B5} = {BEED2A42-48C3-4337-8F9C-38E0BF54B298}
		{40367002-58C4-4290-9AC7-29A52B51CBA7} = {BEED2A42-48C3-4337-8F9C-38E0BF54B298}
		{4C3CA9F6-CC2B-4012-8A77-A35E17552D64} = {BEED2A42-48C3-4337-8F9C-38E0BF54B298}
		{59829C1A-C5B2-4C3B-B61A-F91C778D9405} = {BEED2A42-48C3-4337-8F9C-38E0BF54B298}
		{DAA085C2-B09A-4D0F-B1FD-3BC5964F7760} = {BEED2A42-48C3-4337-8F9C-38E0BF54B298}
		{D814B3CE-BB4E-4413-9D0B-69B364FC4D0A} = {BEED2A42-48C3-4337-8F9C-38E0BF54B298}
		{7F7A1FAC-6AC4-49CE-A822-4956F4FED360} = {55211DB5-B916-4F1B-9265-11CC13B92A00}
		{9794ADE7-89AD-4EFD-BAB9-A3D617DB53AE} = {A256D48D-DD93-42E1-8638-A124657F3592}
		{024B3A6B-502A-4439-863F-08F6A3EE4AEE} = {A256D48D-DD93-42E1-8638-A124657F3592}
		{211FAA6D-0BE6-4682-A9DB-155999CB6C9A} = {A256D48D-DD93-42E1-8638-A124657F3592}
		{E88BBFE4-10F5-46B1-93A5-EC73325D3A55} = {A256D48D-DD93-42E1-8638-A124657F3592}
		{FA7CB038-6057-47CC-8C42-DC5CDCF92960} = {A256D48D-DD93-42E1-8638-A124657F3592}
		{3A471982-7A95-4853-A2F2-DB503DCF52E3} = {A256D48D-DD93-42E1-8638-A124657F3592}
		{CF9A2CA1-1ED4-4AAA-8AEB-8FD20FAC92ED} = {A256D48D-DD93-42E1-8638-A124657F3592}
		{9C7CB475-AECA-42E3-A2E8-BDBCAA3D986D} = {A256D48D-DD93-42E1-8638-A124657F3592}
		{F865D811-974E-445C-B675-30748059809C} = {A256D48D-DD93-42E1-8638-A124657F3592}
		{ADD49232-F712-41C4-9C39-FEA99D7DFC02} = {A256D48D-DD93-42E1-8638-A124657F3592}
		{6B23CB74-5D11-4800-9D33-63B75699AB2F} = {A256D48D-DD93-42E1-8638-A124657F3592}
	EndGlobalSection
EndGlobal
